
Microsoft Visual Studio Solution File, Format Version 11.00
# Visual Studio 2010
Project("{FAE04EC0-301F-11D3-BF4B-00C04F79EFBC}") = "Assembly-CSharp", "Assembly-CSharp.csproj", "{fdf546f1-2879-cbd4-4306-3dc38b681963}"
EndProject
Global
	GlobalSection(SolutionConfigurationPlatforms) = preSolution
		Debug|Any CPU = Debug|Any CPU
		Release|Any CPU = Release|Any CPU
	EndGlobalSection
	GlobalSection(ProjectConfigurationPlatforms) = postSolution
		{fdf546f1-2879-cbd4-4306-3dc38b681963}.Debug|Any CPU.ActiveCfg = Debug|Any CPU
		{fdf546f1-2879-cbd4-4306-3dc38b681963}.Debug|Any CPU.Build.0 = Debug|Any CPU
		{fdf546f1-2879-cbd4-4306-3dc38b681963}.Release|Any CPU.ActiveCfg = Release|Any CPU
		{fdf546f1-2879-cbd4-4306-3dc38b681963}.Release|Any CPU.Build.0 = Release|Any CPU
	EndGlobalSection
	GlobalSection(SolutionProperties) = preSolution
		HideSolutionNode = FALSE
	EndGlobalSection
EndGlobal
